
Microsoft Visual Studio Solution File, Format Version 12.00
# Visual Studio Version 16
VisualStudioVersion = 16.0.31424.327
MinimumVisualStudioVersion = 10.0.40219.1
Project("{8BC9CEB8-8B4A-11D0-8D11-00A0C91BC942}") = "06test", "06test.vcxproj", "{14AA27E9-7A00-4FC1-B0C2-3FD98FDA4D69}"
EndProject
Global
	GlobalSection(SolutionConfigurationPlatforms) = preSolution
		Debug|x64 = Debug|x64
		Debug|x86 = Debug|x86
		Release|x64 = Release|x64
		Release|x86 = Release|x86
	EndGlobalSection
	GlobalSection(ProjectConfigurationPlatforms) = postSolution
		{14AA27E9-7A00-4FC1-B0C2-3FD98FDA4D69}.Debug|x64.ActiveCfg = Debug|x64
		{14AA27E9-7A00-4FC1-B0C2-3FD98FDA4D69}.Debug|x64.Build.0 = Debug|x64
		{14AA27E9-7A00-4FC1-B0C2-3FD98FDA4D69}.Debug|x86.ActiveCfg = Debug|Win32
		{14AA27E9-7A00-4FC1-B0C2-3FD98FDA4D69}.Debug|x86.Build.0 = Debug|Win32
		{14AA27E9-7A00-4FC1-B0C2-3FD98FDA4D69}.Release|x64.ActiveCfg = Release|x64
		{14AA27E9-7A00-4FC1-B0C2-3FD98FDA4D69}.Release|x64.Build.0 = Release|x64
		{14AA27E9-7A00-4FC1-B0C2-3FD98FDA4D69}.Release|x86.ActiveCfg = Release|Win32
		{14AA27E9-7A00-4FC1-B0C2-3FD98FDA4D69}.Release|x86.Build.0 = Release|Win32
	EndGlobalSection
	GlobalSection(SolutionProperties) = preSolution
		HideSolutionNode = FALSE
	EndGlobalSection
	GlobalSection(ExtensibilityGlobals) = postSolution
		SolutionGuid = {95D06061-B97D-4B7D-B659-405ACE449BCE}
	EndGlobalSection
EndGlobal
