
Microsoft Visual Studio Solution File, Format Version 12.00
# Visual Studio Version 16
VisualStudioVersion = 16.0.31424.327
MinimumVisualStudioVersion = 10.0.40219.1
Project("{8BC9CEB8-8B4A-11D0-8D11-00A0C91BC942}") = "15", "15.vcxproj", "{6BF4E5DE-C5FE-4322-AEED-DBB075EA97BC}"
EndProject
Global
	GlobalSection(SolutionConfigurationPlatforms) = preSolution
		Debug|x64 = Debug|x64
		Debug|x86 = Debug|x86
		Release|x64 = Release|x64
		Release|x86 = Release|x86
	EndGlobalSection
	GlobalSection(ProjectConfigurationPlatforms) = postSolution
		{6BF4E5DE-C5FE-4322-AEED-DBB075EA97BC}.Debug|x64.ActiveCfg = Debug|x64
		{6BF4E5DE-C5FE-4322-AEED-DBB075EA97BC}.Debug|x64.Build.0 = Debug|x64
		{6BF4E5DE-C5FE-4322-AEED-DBB075EA97BC}.Debug|x86.ActiveCfg = Debug|Win32
		{6BF4E5DE-C5FE-4322-AEED-DBB075EA97BC}.Debug|x86.Build.0 = Debug|Win32
		{6BF4E5DE-C5FE-4322-AEED-DBB075EA97BC}.Release|x64.ActiveCfg = Release|x64
		{6BF4E5DE-C5FE-4322-AEED-DBB075EA97BC}.Release|x64.Build.0 = Release|x64
		{6BF4E5DE-C5FE-4322-AEED-DBB075EA97BC}.Release|x86.ActiveCfg = Release|Win32
		{6BF4E5DE-C5FE-4322-AEED-DBB075EA97BC}.Release|x86.Build.0 = Release|Win32
	EndGlobalSection
	GlobalSection(SolutionProperties) = preSolution
		HideSolutionNode = FALSE
	EndGlobalSection
	GlobalSection(ExtensibilityGlobals) = postSolution
		SolutionGuid = {221BAE17-F163-4906-83BF-D193EA45EC99}
	EndGlobalSection
EndGlobal
